// !$*UTF8*$!
{
	archiveVersion = 1;
	classes = {
	};
	objectVersion = 56;
	objects = {

/* Begin PBXBuildFile section */
		EA0D03E22A5A5A53000543BD /* SplashView.swift in Sources */ = {isa = PBXBuildFile; fileRef = EA0D03E12A5A5A53000543BD /* SplashView.swift */; };
		EA0D03E42A5A7BF1000543BD /* SignInView.swift in Sources */ = {isa = PBXBuildFile; fileRef = EA0D03E32A5A7BF1000543BD /* SignInView.swift */; };
		EA1267052A5AD47100D28CC0 /* FilterSelectorView.swift in Sources */ = {isa = PBXBuildFile; fileRef = EA1267042A5AD47100D28CC0 /* FilterSelectorView.swift */; };
		EA1267072A5ADF2100D28CC0 /* ETA.swift in Sources */ = {isa = PBXBuildFile; fileRef = EA1267062A5ADF2100D28CC0 /* ETA.swift */; };
		EA95C0212A5A98F00078E0F7 /* LocationSelector.swift in Sources */ = {isa = PBXBuildFile; fileRef = EA95C0202A5A98F00078E0F7 /* LocationSelector.swift */; };
		EA95C0232A5AB8040078E0F7 /* CurrentDirection.swift in Sources */ = {isa = PBXBuildFile; fileRef = EA95C0222A5AB8040078E0F7 /* CurrentDirection.swift */; };
		EAA8F6DE2A5A524E00A67B97 /* AccessibleNavApp.swift in Sources */ = {isa = PBXBuildFile; fileRef = EAA8F6DD2A5A524E00A67B97 /* AccessibleNavApp.swift */; };
		EAA8F6E02A5A524E00A67B97 /* ContentView.swift in Sources */ = {isa = PBXBuildFile; fileRef = EAA8F6DF2A5A524E00A67B97 /* ContentView.swift */; };
		EAA8F6E22A5A525000A67B97 /* Assets.xcassets in Resources */ = {isa = PBXBuildFile; fileRef = EAA8F6E12A5A525000A67B97 /* Assets.xcassets */; };
		EAA8F6E52A5A525000A67B97 /* Preview Assets.xcassets in Resources */ = {isa = PBXBuildFile; fileRef = EAA8F6E42A5A525000A67B97 /* Preview Assets.xcassets */; };
/* End PBXBuildFile section */

/* Begin PBXFileReference section */
		EA0D03E12A5A5A53000543BD /* SplashView.swift */ = {isa = PBXFileReference; lastKnownFileType = sourcecode.swift; path = SplashView.swift; sourceTree = "<group>"; };
		EA0D03E32A5A7BF1000543BD /* SignInView.swift */ = {isa = PBXFileReference; lastKnownFileType = sourcecode.swift; path = SignInView.swift; sourceTree = "<group>"; };
		EA1267042A5AD47100D28CC0 /* FilterSelectorView.swift */ = {isa = PBXFileReference; lastKnownFileType = sourcecode.swift; path = FilterSelectorView.swift; sourceTree = "<group>"; };
		EA1267062A5ADF2100D28CC0 /* ETA.swift */ = {isa = PBXFileReference; lastKnownFileType = sourcecode.swift; name = ETA.swift; path = NavComponents/ETA.swift; sourceTree = "<group>"; };
		EA95C0202A5A98F00078E0F7 /* LocationSelector.swift */ = {isa = PBXFileReference; lastKnownFileType = sourcecode.swift; name = LocationSelector.swift; path = NavComponents/LocationSelector.swift; sourceTree = "<group>"; };
		EA95C0222A5AB8040078E0F7 /* CurrentDirection.swift */ = {isa = PBXFileReference; lastKnownFileType = sourcecode.swift; name = CurrentDirection.swift; path = NavComponents/CurrentDirection.swift; sourceTree = "<group>"; };
		EAA8F6DA2A5A524E00A67B97 /* AccessibleNav.app */ = {isa = PBXFileReference; explicitFileType = wrapper.application; includeInIndex = 0; path = AccessibleNav.app; sourceTree = BUILT_PRODUCTS_DIR; };
		EAA8F6DD2A5A524E00A67B97 /* AccessibleNavApp.swift */ = {isa = PBXFileReference; lastKnownFileType = sourcecode.swift; path = AccessibleNavApp.swift; sourceTree = "<group>"; };
		EAA8F6DF2A5A524E00A67B97 /* ContentView.swift */ = {isa = PBXFileReference; lastKnownFileType = sourcecode.swift; path = ContentView.swift; sourceTree = "<group>"; };
		EAA8F6E12A5A525000A67B97 /* Assets.xcassets */ = {isa = PBXFileReference; lastKnownFileType = folder.assetcatalog; path = Assets.xcassets; sourceTree = "<group>"; };
		EAA8F6E42A5A525000A67B97 /* Preview Assets.xcassets */ = {isa = PBXFileReference; lastKnownFileType = folder.assetcatalog; path = "Preview Assets.xcassets"; sourceTree = "<group>"; };
/* End PBXFileReference section */

/* Begin PBXFrameworksBuildPhase section */
		EAA8F6D72A5A524E00A67B97 /* Frameworks */ = {
			isa = PBXFrameworksBuildPhase;
			buildActionMask = 2147483647;
			files = (
			);
			runOnlyForDeploymentPostprocessing = 0;
		};
/* End PBXFrameworksBuildPhase section */

/* Begin PBXGroup section */
		EAA8F6D12A5A524E00A67B97 = {
			isa = PBXGroup;
			children = (
				EAA8F6DC2A5A524E00A67B97 /* AccessibleNav */,
				EAA8F6DB2A5A524E00A67B97 /* Products */,
			);
			sourceTree = "<group>";
		};
		EAA8F6DB2A5A524E00A67B97 /* Products */ = {
			isa = PBXGroup;
			children = (
				EAA8F6DA2A5A524E00A67B97 /* AccessibleNav.app */,
			);
			name = Products;
			sourceTree = "<group>";
		};
		EAA8F6DC2A5A524E00A67B97 /* AccessibleNav */ = {
			isa = PBXGroup;
			children = (
				EAA8F6DD2A5A524E00A67B97 /* AccessibleNavApp.swift */,
				EAA8F6DF2A5A524E00A67B97 /* ContentView.swift */,
				EA1267062A5ADF2100D28CC0 /* ETA.swift */,
				EA0D03E32A5A7BF1000543BD /* SignInView.swift */,
				EA0D03E12A5A5A53000543BD /* SplashView.swift */,
				EAA8F6E12A5A525000A67B97 /* Assets.xcassets */,
				EA95C0202A5A98F00078E0F7 /* LocationSelector.swift */,
				EA95C0222A5AB8040078E0F7 /* CurrentDirection.swift */,
				EA1267042A5AD47100D28CC0 /* FilterSelectorView.swift */,
				EAA8F6E32A5A525000A67B97 /* Preview Content */,
			);
			path = AccessibleNav;
			sourceTree = "<group>";
		};
		EAA8F6E32A5A525000A67B97 /* Preview Content */ = {
			isa = PBXGroup;
			children = (
				EAA8F6E42A5A525000A67B97 /* Preview Assets.xcassets */,
			);
			path = "Preview Content";
			sourceTree = "<group>";
		};
/* End PBXGroup section */

/* Begin PBXNativeTarget section */
		EAA8F6D92A5A524E00A67B97 /* AccessibleNav */ = {
			isa = PBXNativeTarget;
			buildConfigurationList = EAA8F6E82A5A525000A67B97 /* Build configuration list for PBXNativeTarget "AccessibleNav" */;
			buildPhases = (
				EAA8F6D62A5A524E00A67B97 /* Sources */,
				EAA8F6D72A5A524E00A67B97 /* Frameworks */,
				EAA8F6D82A5A524E00A67B97 /* Resources */,
			);
			buildRules = (
			);
			dependencies = (
			);
			name = AccessibleNav;
			productName = AccessibleNav;
			productReference = EAA8F6DA2A5A524E00A67B97 /* AccessibleNav.app */;
			productType = "com.apple.product-type.application";
		};
/* End PBXNativeTarget section */

/* Begin PBXProject section */
		EAA8F6D22A5A524E00A67B97 /* Project object */ = {
			isa = PBXProject;
			attributes = {
				BuildIndependentTargetsInParallel = 1;
				LastSwiftUpdateCheck = 1430;
				LastUpgradeCheck = 1430;
				TargetAttributes = {
					EAA8F6D92A5A524E00A67B97 = {
						CreatedOnToolsVersion = 14.3.1;
					};
				};
			};
			buildConfigurationList = EAA8F6D52A5A524E00A67B97 /* Build configuration list for PBXProject "AccessibleNav" */;
			compatibilityVersion = "Xcode 14.0";
			developmentRegion = en;
			hasScannedForEncodings = 0;
			knownRegions = (
				en,
				Base,
			);
			mainGroup = EAA8F6D12A5A524E00A67B97;
			productRefGroup = EAA8F6DB2A5A524E00A67B97 /* Products */;
			projectDirPath = "";
			projectRoot = "";
			targets = (
				EAA8F6D92A5A524E00A67B97 /* AccessibleNav */,
			);
		};
/* End PBXProject section */

/* Begin PBXResourcesBuildPhase section */
		EAA8F6D82A5A524E00A67B97 /* Resources */ = {
			isa = PBXResourcesBuildPhase;
			buildActionMask = 2147483647;
			files = (
				EAA8F6E52A5A525000A67B97 /* Preview Assets.xcassets in Resources */,
				EAA8F6E22A5A525000A67B97 /* Assets.xcassets in Resources */,
			);
			runOnlyForDeploymentPostprocessing = 0;
		};
/* End PBXResourcesBuildPhase section */

/* Begin PBXSourcesBuildPhase section */
		EAA8F6D62A5A524E00A67B97 /* Sources */ = {
			isa = PBXSourcesBuildPhase;
			buildActionMask = 2147483647;
			files = (
				EA95C0212A5A98F00078E0F7 /* LocationSelector.swift in Sources */,
				EAA8F6E02A5A524E00A67B97 /* ContentView.swift in Sources */,
				EAA8F6DE2A5A524E00A67B97 /* AccessibleNavApp.swift in Sources */,
				EA95C0232A5AB8040078E0F7 /* CurrentDirection.swift in Sources */,
				EA0D03E42A5A7BF1000543BD /* SignInView.swift in Sources */,
				EA0D03E22A5A5A53000543BD /* SplashView.swift in Sources */,
				EA1267072A5ADF2100D28CC0 /* ETA.swift in Sources */,
				EA1267052A5AD47100D28CC0 /* FilterSelectorView.swift in Sources */,
			);
			runOnlyForDeploymentPostprocessing = 0;
		};
/* End PBXSourcesBuildPhase section */

/* Begin XCBuildConfiguration section */
		EAA8F6E62A5A525000A67B97 /* Debug */ = {
			isa = XCBuildConfiguration;
			buildSettings = {
				ALWAYS_SEARCH_USER_PATHS = NO;
				CLANG_ANALYZER_NONNULL = YES;
				CLANG_ANALYZER_NUMBER_OBJECT_CONVERSION = YES_AGGRESSIVE;
				CLANG_CXX_LANGUAGE_STANDARD = "gnu++20";
				CLANG_ENABLE_MODULES = YES;
				CLANG_ENABLE_OBJC_ARC = YES;
				CLANG_ENABLE_OBJC_WEAK = YES;
				CLANG_WARN_BLOCK_CAPTURE_AUTORELEASING = YES;
				CLANG_WARN_BOOL_CONVERSION = YES;
				CLANG_WARN_COMMA = YES;
				CLANG_WARN_CONSTANT_CONVERSION = YES;
				CLANG_WARN_DEPRECATED_OBJC_IMPLEMENTATIONS = YES;
				CLANG_WARN_DIRECT_OBJC_ISA_USAGE = YES_ERROR;
				CLANG_WARN_DOCUMENTATION_COMMENTS = YES;
				CLANG_WARN_EMPTY_BODY = YES;
				CLANG_WARN_ENUM_CONVERSION = YES;
				CLANG_WARN_INFINITE_RECURSION = YES;
				CLANG_WARN_INT_CONVERSION = YES;
				CLANG_WARN_NON_LITERAL_NULL_CONVERSION = YES;
				CLANG_WARN_OBJC_IMPLICIT_RETAIN_SELF = YES;
				CLANG_WARN_OBJC_LITERAL_CONVERSION = YES;
				CLANG_WARN_OBJC_ROOT_CLASS = YES_ERROR;
				CLANG_WARN_QUOTED_INCLUDE_IN_FRAMEWORK_HEADER = YES;
				CLANG_WARN_RANGE_LOOP_ANALYSIS = YES;
				CLANG_WARN_STRICT_PROTOTYPES = YES;
				CLANG_WARN_SUSPICIOUS_MOVE = YES;
				CLANG_WARN_UNGUARDED_AVAILABILITY = YES_AGGRESSIVE;
				CLANG_WARN_UNREACHABLE_CODE = YES;
				CLANG_WARN__DUPLICATE_METHOD_MATCH = YES;
				COPY_PHASE_STRIP = NO;
				DEBUG_INFORMATION_FORMAT = dwarf;
				ENABLE_STRICT_OBJC_MSGSEND = YES;
				ENABLE_TESTABILITY = YES;
				GCC_C_LANGUAGE_STANDARD = gnu11;
				GCC_DYNAMIC_NO_PIC = NO;
				GCC_NO_COMMON_BLOCKS = YES;
				GCC_OPTIMIZATION_LEVEL = 0;
				GCC_PREPROCESSOR_DEFINITIONS = (
					"DEBUG=1",
					"$(inherited)",
				);
				GCC_WARN_64_TO_32_BIT_CONVERSION = YES;
				GCC_WARN_ABOUT_RETURN_TYPE = YES_ERROR;
				GCC_WARN_UNDECLARED_SELECTOR = YES;
				GCC_WARN_UNINITIALIZED_AUTOS = YES_AGGRESSIVE;
				GCC_WARN_UNUSED_FUNCTION = YES;
				GCC_WARN_UNUSED_VARIABLE = YES;
				IPHONEOS_DEPLOYMENT_TARGET = 16.4;
				MTL_ENABLE_DEBUG_INFO = INCLUDE_SOURCE;
				MTL_FAST_MATH = YES;
				ONLY_ACTIVE_ARCH = YES;
				SDKROOT = iphoneos;
				SWIFT_ACTIVE_COMPILATION_CONDITIONS = DEBUG;
				SWIFT_OPTIMIZATION_LEVEL = "-Onone";
			};
			name = Debug;
		};
		EAA8F6E72A5A525000A67B97 /* Release */ = {
			isa = XCBuildConfiguration;
			buildSettings = {
				ALWAYS_SEARCH_USER_PATHS = NO;
				CLANG_ANALYZER_NONNULL = YES;
				CLANG_ANALYZER_NUMBER_OBJECT_CONVERSION = YES_AGGRESSIVE;
				CLANG_CXX_LANGUAGE_STANDARD = "gnu++20";
				CLANG_ENABLE_MODULES = YES;
				CLANG_ENABLE_OBJC_ARC = YES;
				CLANG_ENABLE_OBJC_WEAK = YES;
				CLANG_WARN_BLOCK_CAPTURE_AUTORELEASING = YES;
				CLANG_WARN_BOOL_CONVERSION = YES;
				CLANG_WARN_COMMA = YES;
				CLANG_WARN_CONSTANT_CONVERSION = YES;
				CLANG_WARN_DEPRECATED_OBJC_IMPLEMENTATIONS = YES;
				CLANG_WARN_DIRECT_OBJC_ISA_USAGE = YES_ERROR;
				CLANG_WARN_DOCUMENTATION_COMMENTS = YES;
				CLANG_WARN_EMPTY_BODY = YES;
				CLANG_WARN_ENUM_CONVERSION = YES;
				CLANG_WARN_INFINITE_RECURSION = YES;
				CLANG_WARN_INT_CONVERSION = YES;
				CLANG_WARN_NON_LITERAL_NULL_CONVERSION = YES;
				CLANG_WARN_OBJC_IMPLICIT_RETAIN_SELF = YES;
				CLANG_WARN_OBJC_LITERAL_CONVERSION = YES;
				CLANG_WARN_OBJC_ROOT_CLASS = YES_ERROR;
				CLANG_WARN_QUOTED_INCLUDE_IN_FRAMEWORK_HEADER = YES;
				CLANG_WARN_RANGE_LOOP_ANALYSIS = YES;
				CLANG_WARN_STRICT_PROTOTYPES = YES;
				CLANG_WARN_SUSPICIOUS_MOVE = YES;
				CLANG_WARN_UNGUARDED_AVAILABILITY = YES_AGGRESSIVE;
				CLANG_WARN_UNREACHABLE_CODE = YES;
				CLANG_WARN__DUPLICATE_METHOD_MATCH = YES;
				COPY_PHASE_STRIP = NO;
				DEBUG_INFORMATION_FORMAT = "dwarf-with-dsym";
				ENABLE_NS_ASSERTIONS = NO;
				ENABLE_STRICT_OBJC_MSGSEND = YES;
				GCC_C_LANGUAGE_STANDARD = gnu11;
				GCC_NO_COMMON_BLOCKS = YES;
				GCC_WARN_64_TO_32_BIT_CONVERSION = YES;
				GCC_WARN_ABOUT_RETURN_TYPE = YES_ERROR;
				GCC_WARN_UNDECLARED_SELECTOR = YES;
				GCC_WARN_UNINITIALIZED_AUTOS = YES_AGGRESSIVE;
				GCC_WARN_UNUSED_FUNCTION = YES;
				GCC_WARN_UNUSED_VARIABLE = YES;
				IPHONEOS_DEPLOYMENT_TARGET = 16.4;
				MTL_ENABLE_DEBUG_INFO = NO;
				MTL_FAST_MATH = YES;
				SDKROOT = iphoneos;
				SWIFT_COMPILATION_MODE = wholemodule;
				SWIFT_OPTIMIZATION_LEVEL = "-O";
				VALIDATE_PRODUCT = YES;
			};
			name = Release;
		};
		EAA8F6E92A5A525000A67B97 /* Debug */ = {
			isa = XCBuildConfiguration;
			buildSettings = {
				ASSETCATALOG_COMPILER_APPICON_NAME = AppIcon;
				ASSETCATALOG_COMPILER_GLOBAL_ACCENT_COLOR_NAME = AccentColor;
				CODE_SIGN_STYLE = Automatic;
				CURRENT_PROJECT_VERSION = 1;
				DEVELOPMENT_ASSET_PATHS = "\"AccessibleNav/Preview Content\"";
				DEVELOPMENT_TEAM = K2PWLQ2PSB;
				ENABLE_PREVIEWS = YES;
				GENERATE_INFOPLIST_FILE = YES;
				INFOPLIST_KEY_UIApplicationSceneManifest_Generation = YES;
				INFOPLIST_KEY_UIApplicationSupportsIndirectInputEvents = YES;
				INFOPLIST_KEY_UILaunchScreen_Generation = YES;
				INFOPLIST_KEY_UISupportedInterfaceOrientations_iPad = "UIInterfaceOrientationPortrait UIInterfaceOrientationPortraitUpsideDown UIInterfaceOrientationLandscapeLeft UIInterfaceOrientationLandscapeRight";
				INFOPLIST_KEY_UISupportedInterfaceOrientations_iPhone = "UIInterfaceOrientationPortrait UIInterfaceOrientationLandscapeLeft UIInterfaceOrientationLandscapeRight";
				LD_RUNPATH_SEARCH_PATHS = (
					"$(inherited)",
					"@executable_path/Frameworks",
				);
				MARKETING_VERSION = 1.0;
				PRODUCT_BUNDLE_IDENTIFIER = com.GeoAccessibility.AccessibleNav;
				PRODUCT_NAME = "$(TARGET_NAME)";
				SWIFT_EMIT_LOC_STRINGS = YES;
				SWIFT_VERSION = 5.0;
				TARGETED_DEVICE_FAMILY = "1,2";
			};
			name = Debug;
		};
		EAA8F6EA2A5A525000A67B97 /* Release */ = {
			isa = XCBuildConfiguration;
			buildSettings = {
				ASSETCATALOG_COMPILER_APPICON_NAME = AppIcon;
				ASSETCATALOG_COMPILER_GLOBAL_ACCENT_COLOR_NAME = AccentColor;
				CODE_SIGN_STYLE = Automatic;
				CURRENT_PROJECT_VERSION = 1;
				DEVELOPMENT_ASSET_PATHS = "\"AccessibleNav/Preview Content\"";
				DEVELOPMENT_TEAM = K2PWLQ2PSB;
				ENABLE_PREVIEWS = YES;
				GENERATE_INFOPLIST_FILE = YES;
				INFOPLIST_KEY_UIApplicationSceneManifest_Generation = YES;
				INFOPLIST_KEY_UIApplicationSupportsIndirectInputEvents = YES;
				INFOPLIST_KEY_UILaunchScreen_Generation = YES;
				INFOPLIST_KEY_UISupportedInterfaceOrientations_iPad = "UIInterfaceOrientationPortrait UIInterfaceOrientationPortraitUpsideDown UIInterfaceOrientationLandscapeLeft UIInterfaceOrientationLandscapeRight";
				INFOPLIST_KEY_UISupportedInterfaceOrientations_iPhone = "UIInterfaceOrientationPortrait UIInterfaceOrientationLandscapeLeft UIInterfaceOrientationLandscapeRight";
				LD_RUNPATH_SEARCH_PATHS = (
					"$(inherited)",
					"@executable_path/Frameworks",
				);
				MARKETING_VERSION = 1.0;
				PRODUCT_BUNDLE_IDENTIFIER = com.GeoAccessibility.AccessibleNav;
				PRODUCT_NAME = "$(TARGET_NAME)";
				SWIFT_EMIT_LOC_STRINGS = YES;
				SWIFT_VERSION = 5.0;
				TARGETED_DEVICE_FAMILY = "1,2";
			};
			name = Release;
		};
/* End XCBuildConfiguration section */

/* Begin XCConfigurationList section */
		EAA8F6D52A5A524E00A67B97 /* Build configuration list for PBXProject "AccessibleNav" */ = {
			isa = XCConfigurationList;
			buildConfigurations = (
				EAA8F6E62A5A525000A67B97 /* Debug */,
				EAA8F6E72A5A525000A67B97 /* Release */,
			);
			defaultConfigurationIsVisible = 0;
			defaultConfigurationName = Release;
		};
		EAA8F6E82A5A525000A67B97 /* Build configuration list for PBXNativeTarget "AccessibleNav" */ = {
			isa = XCConfigurationList;
			buildConfigurations = (
				EAA8F6E92A5A525000A67B97 /* Debug */,
				EAA8F6EA2A5A525000A67B97 /* Release */,
			);
			defaultConfigurationIsVisible = 0;
			defaultConfigurationName = Release;
		};
/* End XCConfigurationList section */
	};
	rootObject = EAA8F6D22A5A524E00A67B97 /* Project object */;
}
